// !$*UTF8*$!
{
	archiveVersion = 1;
	classes = {
	};
	objectVersion = 56;
	objects = {

/* Begin PBXBuildFile section */
		B0FB0CFA29253E1700F2EE9A /* AppDelegate.swift in Sources */ = {isa = PBXBuildFile; fileRef = B0FB0CF929253E1700F2EE9A /* AppDelegate.swift */; };
		B0FB0CFC29253E1700F2EE9A /* SceneDelegate.swift in Sources */ = {isa = PBXBuildFile; fileRef = B0FB0CFB29253E1700F2EE9A /* SceneDelegate.swift */; };
		B0FB0CFE29253E1700F2EE9A /* ViewController.swift in Sources */ = {isa = PBXBuildFile; fileRef = B0FB0CFD29253E1700F2EE9A /* ViewController.swift */; };
		B0FB0D0129253E1700F2EE9A /* Main.storyboard in Resources */ = {isa = PBXBuildFile; fileRef = B0FB0CFF29253E1700F2EE9A /* Main.storyboard */; };
		B0FB0D0429253E1700F2EE9A /* AppStoreForLearnIOS.xcdatamodeld in Sources */ = {isa = PBXBuildFile; fileRef = B0FB0D0229253E1700F2EE9A /* AppStoreForLearnIOS.xcdatamodeld */; };
		B0FB0D0629253E1B00F2EE9A /* Assets.xcassets in Resources */ = {isa = PBXBuildFile; fileRef = B0FB0D0529253E1B00F2EE9A /* Assets.xcassets */; };
		B0FB0D0929253E1B00F2EE9A /* LaunchScreen.storyboard in Resources */ = {isa = PBXBuildFile; fileRef = B0FB0D0729253E1B00F2EE9A /* LaunchScreen.storyboard */; };
		B0FB0D1129253ED100F2EE9A /* BaseTapBarController.swift in Sources */ = {isa = PBXBuildFile; fileRef = B0FB0D1029253ED100F2EE9A /* BaseTapBarController.swift */; };
		B0FB0D1429279D9A00F2EE9A /* AppsSearchController.swift in Sources */ = {isa = PBXBuildFile; fileRef = B0FB0D1329279D9A00F2EE9A /* AppsSearchController.swift */; };
		B0FB0D17292BADB800F2EE9A /* SearchResultCell.swift in Sources */ = {isa = PBXBuildFile; fileRef = B0FB0D16292BADB800F2EE9A /* SearchResultCell.swift */; };
		B0FB0D1A292BBA0D00F2EE9A /* UIView+Layout.swift in Sources */ = {isa = PBXBuildFile; fileRef = B0FB0D19292BBA0D00F2EE9A /* UIView+Layout.swift */; };
		B0FB0D1C292BC5E300F2EE9A /* VerticalStackView.swift in Sources */ = {isa = PBXBuildFile; fileRef = B0FB0D1B292BC5E300F2EE9A /* VerticalStackView.swift */; };
		B0FB0D1F292C956000F2EE9A /* SearchResult.swift in Sources */ = {isa = PBXBuildFile; fileRef = B0FB0D1E292C956000F2EE9A /* SearchResult.swift */; };
/* End PBXBuildFile section */

/* Begin PBXFileReference section */
		B0FB0CF629253E1700F2EE9A /* AppStoreForLearnIOS.app */ = {isa = PBXFileReference; explicitFileType = wrapper.application; includeInIndex = 0; path = AppStoreForLearnIOS.app; sourceTree = BUILT_PRODUCTS_DIR; };
		B0FB0CF929253E1700F2EE9A /* AppDelegate.swift */ = {isa = PBXFileReference; lastKnownFileType = sourcecode.swift; path = AppDelegate.swift; sourceTree = "<group>"; };
		B0FB0CFB29253E1700F2EE9A /* SceneDelegate.swift */ = {isa = PBXFileReference; lastKnownFileType = sourcecode.swift; path = SceneDelegate.swift; sourceTree = "<group>"; };
		B0FB0CFD29253E1700F2EE9A /* ViewController.swift */ = {isa = PBXFileReference; lastKnownFileType = sourcecode.swift; path = ViewController.swift; sourceTree = "<group>"; };
		B0FB0D0029253E1700F2EE9A /* Base */ = {isa = PBXFileReference; lastKnownFileType = file.storyboard; name = Base; path = Base.lproj/Main.storyboard; sourceTree = "<group>"; };
		B0FB0D0329253E1700F2EE9A /* AppStoreForLearnIOS.xcdatamodel */ = {isa = PBXFileReference; lastKnownFileType = wrapper.xcdatamodel; path = AppStoreForLearnIOS.xcdatamodel; sourceTree = "<group>"; };
		B0FB0D0529253E1B00F2EE9A /* Assets.xcassets */ = {isa = PBXFileReference; lastKnownFileType = folder.assetcatalog; path = Assets.xcassets; sourceTree = "<group>"; };
		B0FB0D0829253E1B00F2EE9A /* Base */ = {isa = PBXFileReference; lastKnownFileType = file.storyboard; name = Base; path = Base.lproj/LaunchScreen.storyboard; sourceTree = "<group>"; };
		B0FB0D0A29253E1B00F2EE9A /* Info.plist */ = {isa = PBXFileReference; lastKnownFileType = text.plist.xml; path = Info.plist; sourceTree = "<group>"; };
		B0FB0D1029253ED100F2EE9A /* BaseTapBarController.swift */ = {isa = PBXFileReference; lastKnownFileType = sourcecode.swift; path = BaseTapBarController.swift; sourceTree = "<group>"; };
		B0FB0D1329279D9A00F2EE9A /* AppsSearchController.swift */ = {isa = PBXFileReference; lastKnownFileType = sourcecode.swift; path = AppsSearchController.swift; sourceTree = "<group>"; };
		B0FB0D16292BADB800F2EE9A /* SearchResultCell.swift */ = {isa = PBXFileReference; lastKnownFileType = sourcecode.swift; path = SearchResultCell.swift; sourceTree = "<group>"; };
		B0FB0D19292BBA0D00F2EE9A /* UIView+Layout.swift */ = {isa = PBXFileReference; fileEncoding = 4; lastKnownFileType = sourcecode.swift; name = "UIView+Layout.swift"; path = "../../../../Downloads/UIView+Layout.swift"; sourceTree = "<group>"; };
		B0FB0D1B292BC5E300F2EE9A /* VerticalStackView.swift */ = {isa = PBXFileReference; lastKnownFileType = sourcecode.swift; path = VerticalStackView.swift; sourceTree = "<group>"; };
		B0FB0D1E292C956000F2EE9A /* SearchResult.swift */ = {isa = PBXFileReference; lastKnownFileType = sourcecode.swift; path = SearchResult.swift; sourceTree = "<group>"; };
/* End PBXFileReference section */

/* Begin PBXFrameworksBuildPhase section */
		B0FB0CF329253E1700F2EE9A /* Frameworks */ = {
			isa = PBXFrameworksBuildPhase;
			buildActionMask = 2147483647;
			files = (
			);
			runOnlyForDeploymentPostprocessing = 0;
		};
/* End PBXFrameworksBuildPhase section */

/* Begin PBXGroup section */
		B0FB0CED29253E1700F2EE9A = {
			isa = PBXGroup;
			children = (
				B0FB0CF829253E1700F2EE9A /* AppStoreForLearnIOS */,
				B0FB0CF729253E1700F2EE9A /* Products */,
			);
			sourceTree = "<group>";
		};
		B0FB0CF729253E1700F2EE9A /* Products */ = {
			isa = PBXGroup;
			children = (
				B0FB0CF629253E1700F2EE9A /* AppStoreForLearnIOS.app */,
			);
			name = Products;
			sourceTree = "<group>";
		};
		B0FB0CF829253E1700F2EE9A /* AppStoreForLearnIOS */ = {
			isa = PBXGroup;
			children = (
				B0FB0D1D292C954C00F2EE9A /* Model */,
				B0FB0D18292BB9C200F2EE9A /* Helpers */,
				B0FB0D15292B950F00F2EE9A /* Views */,
				B0FB0D1229279D6D00F2EE9A /* Controller */,
				B0FB0CF929253E1700F2EE9A /* AppDelegate.swift */,
				B0FB0CFB29253E1700F2EE9A /* SceneDelegate.swift */,
				B0FB0CFD29253E1700F2EE9A /* ViewController.swift */,
				B0FB0CFF29253E1700F2EE9A /* Main.storyboard */,
				B0FB0D0529253E1B00F2EE9A /* Assets.xcassets */,
				B0FB0D0729253E1B00F2EE9A /* LaunchScreen.storyboard */,
				B0FB0D0A29253E1B00F2EE9A /* Info.plist */,
				B0FB0D0229253E1700F2EE9A /* AppStoreForLearnIOS.xcdatamodeld */,
			);
			path = AppStoreForLearnIOS;
			sourceTree = "<group>";
		};
		B0FB0D1229279D6D00F2EE9A /* Controller */ = {
			isa = PBXGroup;
			children = (
				B0FB0D1029253ED100F2EE9A /* BaseTapBarController.swift */,
				B0FB0D1329279D9A00F2EE9A /* AppsSearchController.swift */,
			);
			path = Controller;
			sourceTree = "<group>";
		};
		B0FB0D15292B950F00F2EE9A /* Views */ = {
			isa = PBXGroup;
			children = (
				B0FB0D16292BADB800F2EE9A /* SearchResultCell.swift */,
			);
			path = Views;
			sourceTree = "<group>";
		};
		B0FB0D18292BB9C200F2EE9A /* Helpers */ = {
			isa = PBXGroup;
			children = (
				B0FB0D19292BBA0D00F2EE9A /* UIView+Layout.swift */,
				B0FB0D1B292BC5E300F2EE9A /* VerticalStackView.swift */,
			);
			path = Helpers;
			sourceTree = "<group>";
		};
		B0FB0D1D292C954C00F2EE9A /* Model */ = {
			isa = PBXGroup;
			children = (
				B0FB0D1E292C956000F2EE9A /* SearchResult.swift */,
			);
			path = Model;
			sourceTree = "<group>";
		};
/* End PBXGroup section */

/* Begin PBXNativeTarget section */
		B0FB0CF529253E1700F2EE9A /* AppStoreForLearnIOS */ = {
			isa = PBXNativeTarget;
			buildConfigurationList = B0FB0D0D29253E1B00F2EE9A /* Build configuration list for PBXNativeTarget "AppStoreForLearnIOS" */;
			buildPhases = (
				B0FB0CF229253E1700F2EE9A /* Sources */,
				B0FB0CF329253E1700F2EE9A /* Frameworks */,
				B0FB0CF429253E1700F2EE9A /* Resources */,
			);
			buildRules = (
			);
			dependencies = (
			);
			name = AppStoreForLearnIOS;
			productName = AppStoreForLearnIOS;
			productReference = B0FB0CF629253E1700F2EE9A /* AppStoreForLearnIOS.app */;
			productType = "com.apple.product-type.application";
		};
/* End PBXNativeTarget section */

/* Begin PBXProject section */
		B0FB0CEE29253E1700F2EE9A /* Project object */ = {
			isa = PBXProject;
			attributes = {
				BuildIndependentTargetsInParallel = 1;
				LastSwiftUpdateCheck = 1410;
				LastUpgradeCheck = 1410;
				TargetAttributes = {
					B0FB0CF529253E1700F2EE9A = {
						CreatedOnToolsVersion = 14.1;
					};
				};
			};
			buildConfigurationList = B0FB0CF129253E1700F2EE9A /* Build configuration list for PBXProject "AppStoreForLearnIOS" */;
			compatibilityVersion = "Xcode 14.0";
			developmentRegion = en;
			hasScannedForEncodings = 0;
			knownRegions = (
				en,
				Base,
			);
			mainGroup = B0FB0CED29253E1700F2EE9A;
			productRefGroup = B0FB0CF729253E1700F2EE9A /* Products */;
			projectDirPath = "";
			projectRoot = "";
			targets = (
				B0FB0CF529253E1700F2EE9A /* AppStoreForLearnIOS */,
			);
		};
/* End PBXProject section */

/* Begin PBXResourcesBuildPhase section */
		B0FB0CF429253E1700F2EE9A /* Resources */ = {
			isa = PBXResourcesBuildPhase;
			buildActionMask = 2147483647;
			files = (
				B0FB0D0929253E1B00F2EE9A /* LaunchScreen.storyboard in Resources */,
				B0FB0D0629253E1B00F2EE9A /* Assets.xcassets in Resources */,
				B0FB0D0129253E1700F2EE9A /* Main.storyboard in Resources */,
			);
			runOnlyForDeploymentPostprocessing = 0;
		};
/* End PBXResourcesBuildPhase section */

/* Begin PBXSourcesBuildPhase section */
		B0FB0CF229253E1700F2EE9A /* Sources */ = {
			isa = PBXSourcesBuildPhase;
			buildActionMask = 2147483647;
			files = (
				B0FB0D17292BADB800F2EE9A /* SearchResultCell.swift in Sources */,
				B0FB0D1C292BC5E300F2EE9A /* VerticalStackView.swift in Sources */,
				B0FB0D1F292C956000F2EE9A /* SearchResult.swift in Sources */,
				B0FB0D0429253E1700F2EE9A /* AppStoreForLearnIOS.xcdatamodeld in Sources */,
				B0FB0CFE29253E1700F2EE9A /* ViewController.swift in Sources */,
				B0FB0CFA29253E1700F2EE9A /* AppDelegate.swift in Sources */,
				B0FB0D1429279D9A00F2EE9A /* AppsSearchController.swift in Sources */,
				B0FB0CFC29253E1700F2EE9A /* SceneDelegate.swift in Sources */,
				B0FB0D1129253ED100F2EE9A /* BaseTapBarController.swift in Sources */,
				B0FB0D1A292BBA0D00F2EE9A /* UIView+Layout.swift in Sources */,
			);
			runOnlyForDeploymentPostprocessing = 0;
		};
/* End PBXSourcesBuildPhase section */

/* Begin PBXVariantGroup section */
		B0FB0CFF29253E1700F2EE9A /* Main.storyboard */ = {
			isa = PBXVariantGroup;
			children = (
				B0FB0D0029253E1700F2EE9A /* Base */,
			);
			name = Main.storyboard;
			sourceTree = "<group>";
		};
		B0FB0D0729253E1B00F2EE9A /* LaunchScreen.storyboard */ = {
			isa = PBXVariantGroup;
			children = (
				B0FB0D0829253E1B00F2EE9A /* Base */,
			);
			name = LaunchScreen.storyboard;
			sourceTree = "<group>";
		};
/* End PBXVariantGroup section */

/* Begin XCBuildConfiguration section */
		B0FB0D0B29253E1B00F2EE9A /* Debug */ = {
			isa = XCBuildConfiguration;
			buildSettings = {
				ALWAYS_SEARCH_USER_PATHS = NO;
				CLANG_ANALYZER_NONNULL = YES;
				CLANG_ANALYZER_NUMBER_OBJECT_CONVERSION = YES_AGGRESSIVE;
				CLANG_CXX_LANGUAGE_STANDARD = "gnu++20";
				CLANG_ENABLE_MODULES = YES;
				CLANG_ENABLE_OBJC_ARC = YES;
				CLANG_ENABLE_OBJC_WEAK = YES;
				CLANG_WARN_BLOCK_CAPTURE_AUTORELEASING = YES;
				CLANG_WARN_BOOL_CONVERSION = YES;
				CLANG_WARN_COMMA = YES;
				CLANG_WARN_CONSTANT_CONVERSION = YES;
				CLANG_WARN_DEPRECATED_OBJC_IMPLEMENTATIONS = YES;
				CLANG_WARN_DIRECT_OBJC_ISA_USAGE = YES_ERROR;
				CLANG_WARN_DOCUMENTATION_COMMENTS = YES;
				CLANG_WARN_EMPTY_BODY = YES;
				CLANG_WARN_ENUM_CONVERSION = YES;
				CLANG_WARN_INFINITE_RECURSION = YES;
				CLANG_WARN_INT_CONVERSION = YES;
				CLANG_WARN_NON_LITERAL_NULL_CONVERSION = YES;
				CLANG_WARN_OBJC_IMPLICIT_RETAIN_SELF = YES;
				CLANG_WARN_OBJC_LITERAL_CONVERSION = YES;
				CLANG_WARN_OBJC_ROOT_CLASS = YES_ERROR;
				CLANG_WARN_QUOTED_INCLUDE_IN_FRAMEWORK_HEADER = YES;
				CLANG_WARN_RANGE_LOOP_ANALYSIS = YES;
				CLANG_WARN_STRICT_PROTOTYPES = YES;
				CLANG_WARN_SUSPICIOUS_MOVE = YES;
				CLANG_WARN_UNGUARDED_AVAILABILITY = YES_AGGRESSIVE;
				CLANG_WARN_UNREACHABLE_CODE = YES;
				CLANG_WARN__DUPLICATE_METHOD_MATCH = YES;
				COPY_PHASE_STRIP = NO;
				DEBUG_INFORMATION_FORMAT = dwarf;
				ENABLE_STRICT_OBJC_MSGSEND = YES;
				ENABLE_TESTABILITY = YES;
				GCC_C_LANGUAGE_STANDARD = gnu11;
				GCC_DYNAMIC_NO_PIC = NO;
				GCC_NO_COMMON_BLOCKS = YES;
				GCC_OPTIMIZATION_LEVEL = 0;
				GCC_PREPROCESSOR_DEFINITIONS = (
					"DEBUG=1",
					"$(inherited)",
				);
				GCC_WARN_64_TO_32_BIT_CONVERSION = YES;
				GCC_WARN_ABOUT_RETURN_TYPE = YES_ERROR;
				GCC_WARN_UNDECLARED_SELECTOR = YES;
				GCC_WARN_UNINITIALIZED_AUTOS = YES_AGGRESSIVE;
				GCC_WARN_UNUSED_FUNCTION = YES;
				GCC_WARN_UNUSED_VARIABLE = YES;
				IPHONEOS_DEPLOYMENT_TARGET = 16.1;
				MTL_ENABLE_DEBUG_INFO = INCLUDE_SOURCE;
				MTL_FAST_MATH = YES;
				ONLY_ACTIVE_ARCH = YES;
				SDKROOT = iphoneos;
				SWIFT_ACTIVE_COMPILATION_CONDITIONS = DEBUG;
				SWIFT_OPTIMIZATION_LEVEL = "-Onone";
			};
			name = Debug;
		};
		B0FB0D0C29253E1B00F2EE9A /* Release */ = {
			isa = XCBuildConfiguration;
			buildSettings = {
				ALWAYS_SEARCH_USER_PATHS = NO;
				CLANG_ANALYZER_NONNULL = YES;
				CLANG_ANALYZER_NUMBER_OBJECT_CONVERSION = YES_AGGRESSIVE;
				CLANG_CXX_LANGUAGE_STANDARD = "gnu++20";
				CLANG_ENABLE_MODULES = YES;
				CLANG_ENABLE_OBJC_ARC = YES;
				CLANG_ENABLE_OBJC_WEAK = YES;
				CLANG_WARN_BLOCK_CAPTURE_AUTORELEASING = YES;
				CLANG_WARN_BOOL_CONVERSION = YES;
				CLANG_WARN_COMMA = YES;
				CLANG_WARN_CONSTANT_CONVERSION = YES;
				CLANG_WARN_DEPRECATED_OBJC_IMPLEMENTATIONS = YES;
				CLANG_WARN_DIRECT_OBJC_ISA_USAGE = YES_ERROR;
				CLANG_WARN_DOCUMENTATION_COMMENTS = YES;
				CLANG_WARN_EMPTY_BODY = YES;
				CLANG_WARN_ENUM_CONVERSION = YES;
				CLANG_WARN_INFINITE_RECURSION = YES;
				CLANG_WARN_INT_CONVERSION = YES;
				CLANG_WARN_NON_LITERAL_NULL_CONVERSION = YES;
				CLANG_WARN_OBJC_IMPLICIT_RETAIN_SELF = YES;
				CLANG_WARN_OBJC_LITERAL_CONVERSION = YES;
				CLANG_WARN_OBJC_ROOT_CLASS = YES_ERROR;
				CLANG_WARN_QUOTED_INCLUDE_IN_FRAMEWORK_HEADER = YES;
				CLANG_WARN_RANGE_LOOP_ANALYSIS = YES;
				CLANG_WARN_STRICT_PROTOTYPES = YES;
				CLANG_WARN_SUSPICIOUS_MOVE = YES;
				CLANG_WARN_UNGUARDED_AVAILABILITY = YES_AGGRESSIVE;
				CLANG_WARN_UNREACHABLE_CODE = YES;
				CLANG_WARN__DUPLICATE_METHOD_MATCH = YES;
				COPY_PHASE_STRIP = NO;
				DEBUG_INFORMATION_FORMAT = "dwarf-with-dsym";
				ENABLE_NS_ASSERTIONS = NO;
				ENABLE_STRICT_OBJC_MSGSEND = YES;
				GCC_C_LANGUAGE_STANDARD = gnu11;
				GCC_NO_COMMON_BLOCKS = YES;
				GCC_WARN_64_TO_32_BIT_CONVERSION = YES;
				GCC_WARN_ABOUT_RETURN_TYPE = YES_ERROR;
				GCC_WARN_UNDECLARED_SELECTOR = YES;
				GCC_WARN_UNINITIALIZED_AUTOS = YES_AGGRESSIVE;
				GCC_WARN_UNUSED_FUNCTION = YES;
				GCC_WARN_UNUSED_VARIABLE = YES;
				IPHONEOS_DEPLOYMENT_TARGET = 16.1;
				MTL_ENABLE_DEBUG_INFO = NO;
				MTL_FAST_MATH = YES;
				SDKROOT = iphoneos;
				SWIFT_COMPILATION_MODE = wholemodule;
				SWIFT_OPTIMIZATION_LEVEL = "-O";
				VALIDATE_PRODUCT = YES;
			};
			name = Release;
		};
		B0FB0D0E29253E1B00F2EE9A /* Debug */ = {
			isa = XCBuildConfiguration;
			buildSettings = {
				ASSETCATALOG_COMPILER_APPICON_NAME = AppIcon;
				ASSETCATALOG_COMPILER_GLOBAL_ACCENT_COLOR_NAME = AccentColor;
				CODE_SIGN_STYLE = Automatic;
				CURRENT_PROJECT_VERSION = 1;
				GENERATE_INFOPLIST_FILE = YES;
				INFOPLIST_FILE = AppStoreForLearnIOS/Info.plist;
				INFOPLIST_KEY_UIApplicationSupportsIndirectInputEvents = YES;
				INFOPLIST_KEY_UILaunchStoryboardName = LaunchScreen;
				INFOPLIST_KEY_UIMainStoryboardFile = Main;
				INFOPLIST_KEY_UISupportedInterfaceOrientations_iPad = "UIInterfaceOrientationPortrait UIInterfaceOrientationPortraitUpsideDown UIInterfaceOrientationLandscapeLeft UIInterfaceOrientationLandscapeRight";
				INFOPLIST_KEY_UISupportedInterfaceOrientations_iPhone = "UIInterfaceOrientationPortrait UIInterfaceOrientationLandscapeLeft UIInterfaceOrientationLandscapeRight";
				LD_RUNPATH_SEARCH_PATHS = (
					"$(inherited)",
					"@executable_path/Frameworks",
				);
				MARKETING_VERSION = 1.0;
				PRODUCT_BUNDLE_IDENTIFIER = com.toanio.AppStoreForLearnIOS;
				PRODUCT_NAME = "$(TARGET_NAME)";
				SWIFT_EMIT_LOC_STRINGS = YES;
				SWIFT_VERSION = 5.0;
				TARGETED_DEVICE_FAMILY = "1,2";
			};
			name = Debug;
		};
		B0FB0D0F29253E1B00F2EE9A /* Release */ = {
			isa = XCBuildConfiguration;
			buildSettings = {
				ASSETCATALOG_COMPILER_APPICON_NAME = AppIcon;
				ASSETCATALOG_COMPILER_GLOBAL_ACCENT_COLOR_NAME = AccentColor;
				CODE_SIGN_STYLE = Automatic;
				CURRENT_PROJECT_VERSION = 1;
				GENERATE_INFOPLIST_FILE = YES;
				INFOPLIST_FILE = AppStoreForLearnIOS/Info.plist;
				INFOPLIST_KEY_UIApplicationSupportsIndirectInputEvents = YES;
				INFOPLIST_KEY_UILaunchStoryboardName = LaunchScreen;
				INFOPLIST_KEY_UIMainStoryboardFile = Main;
				INFOPLIST_KEY_UISupportedInterfaceOrientations_iPad = "UIInterfaceOrientationPortrait UIInterfaceOrientationPortraitUpsideDown UIInterfaceOrientationLandscapeLeft UIInterfaceOrientationLandscapeRight";
				INFOPLIST_KEY_UISupportedInterfaceOrientations_iPhone = "UIInterfaceOrientationPortrait UIInterfaceOrientationLandscapeLeft UIInterfaceOrientationLandscapeRight";
				LD_RUNPATH_SEARCH_PATHS = (
					"$(inherited)",
					"@executable_path/Frameworks",
				);
				MARKETING_VERSION = 1.0;
				PRODUCT_BUNDLE_IDENTIFIER = com.toanio.AppStoreForLearnIOS;
				PRODUCT_NAME = "$(TARGET_NAME)";
				SWIFT_EMIT_LOC_STRINGS = YES;
				SWIFT_VERSION = 5.0;
				TARGETED_DEVICE_FAMILY = "1,2";
			};
			name = Release;
		};
/* End XCBuildConfiguration section */

/* Begin XCConfigurationList section */
		B0FB0CF129253E1700F2EE9A /* Build configuration list for PBXProject "AppStoreForLearnIOS" */ = {
			isa = XCConfigurationList;
			buildConfigurations = (
				B0FB0D0B29253E1B00F2EE9A /* Debug */,
				B0FB0D0C29253E1B00F2EE9A /* Release */,
			);
			defaultConfigurationIsVisible = 0;
			defaultConfigurationName = Release;
		};
		B0FB0D0D29253E1B00F2EE9A /* Build configuration list for PBXNativeTarget "AppStoreForLearnIOS" */ = {
			isa = XCConfigurationList;
			buildConfigurations = (
				B0FB0D0E29253E1B00F2EE9A /* Debug */,
				B0FB0D0F29253E1B00F2EE9A /* Release */,
			);
			defaultConfigurationIsVisible = 0;
			defaultConfigurationName = Release;
		};
/* End XCConfigurationList section */

/* Begin XCVersionGroup section */
		B0FB0D0229253E1700F2EE9A /* AppStoreForLearnIOS.xcdatamodeld */ = {
			isa = XCVersionGroup;
			children = (
				B0FB0D0329253E1700F2EE9A /* AppStoreForLearnIOS.xcdatamodel */,
			);
			currentVersion = B0FB0D0329253E1700F2EE9A /* AppStoreForLearnIOS.xcdatamodel */;
			path = AppStoreForLearnIOS.xcdatamodeld;
			sourceTree = "<group>";
			versionGroupType = wrapper.xcdatamodel;
		};
/* End XCVersionGroup section */
	};
	rootObject = B0FB0CEE29253E1700F2EE9A /* Project object */;
}
